// !$*UTF8*$!
{
	archiveVersion = 1;
	classes = {
	};
	objectVersion = 56;
	objects = {

/* Begin PBXBuildFile section */
		27B6BD962B69183000D2F899 /* AppDelegate.swift in Sources */ = {isa = PBXBuildFile; fileRef = 27B6BD952B69183000D2F899 /* AppDelegate.swift */; };
		27B6BD982B69183000D2F899 /* SceneDelegate.swift in Sources */ = {isa = PBXBuildFile; fileRef = 27B6BD972B69183000D2F899 /* SceneDelegate.swift */; };
		27B6BD9A2B69183000D2F899 /* ViewController.swift in Sources */ = {isa = PBXBuildFile; fileRef = 27B6BD992B69183000D2F899 /* ViewController.swift */; };
		27B6BD9D2B69183000D2F899 /* Main.storyboard in Resources */ = {isa = PBXBuildFile; fileRef = 27B6BD9B2B69183000D2F899 /* Main.storyboard */; };
		27B6BDA02B69183000D2F899 /* Access_Data_Using_Json_File_On_Web_Server_Array___4.xcdatamodeld in Sources */ = {isa = PBXBuildFile; fileRef = 27B6BD9E2B69183000D2F899 /* Access_Data_Using_Json_File_On_Web_Server_Array___4.xcdatamodeld */; };
		27B6BDA22B69183500D2F899 /* Assets.xcassets in Resources */ = {isa = PBXBuildFile; fileRef = 27B6BDA12B69183500D2F899 /* Assets.xcassets */; };
		27B6BDA52B69183500D2F899 /* LaunchScreen.storyboard in Resources */ = {isa = PBXBuildFile; fileRef = 27B6BDA32B69183500D2F899 /* LaunchScreen.storyboard */; };
		27B6BDAD2B69198900D2F899 /* JsonDataHelper.swift in Sources */ = {isa = PBXBuildFile; fileRef = 27B6BDAC2B69198900D2F899 /* JsonDataHelper.swift */; };
/* End PBXBuildFile section */

/* Begin PBXFileReference section */
		27B6BD922B69183000D2F899 /* Access Data Using Json File On Web Server Array - 4.app */ = {isa = PBXFileReference; explicitFileType = wrapper.application; includeInIndex = 0; path = "Access Data Using Json File On Web Server Array - 4.app"; sourceTree = BUILT_PRODUCTS_DIR; };
		27B6BD952B69183000D2F899 /* AppDelegate.swift */ = {isa = PBXFileReference; lastKnownFileType = sourcecode.swift; path = AppDelegate.swift; sourceTree = "<group>"; };
		27B6BD972B69183000D2F899 /* SceneDelegate.swift */ = {isa = PBXFileReference; lastKnownFileType = sourcecode.swift; path = SceneDelegate.swift; sourceTree = "<group>"; };
		27B6BD992B69183000D2F899 /* ViewController.swift */ = {isa = PBXFileReference; lastKnownFileType = sourcecode.swift; path = ViewController.swift; sourceTree = "<group>"; };
		27B6BD9C2B69183000D2F899 /* Base */ = {isa = PBXFileReference; lastKnownFileType = file.storyboard; name = Base; path = Base.lproj/Main.storyboard; sourceTree = "<group>"; };
		27B6BD9F2B69183000D2F899 /* Access_Data_Using_Json_File_On_Web_Server_Array___4.xcdatamodel */ = {isa = PBXFileReference; lastKnownFileType = wrapper.xcdatamodel; path = "Access_Data_Using_Json_File_On_Web_Server_Array___4.xcdatamodel"; sourceTree = "<group>"; };
		27B6BDA12B69183500D2F899 /* Assets.xcassets */ = {isa = PBXFileReference; lastKnownFileType = folder.assetcatalog; path = Assets.xcassets; sourceTree = "<group>"; };
		27B6BDA42B69183500D2F899 /* Base */ = {isa = PBXFileReference; lastKnownFileType = file.storyboard; name = Base; path = Base.lproj/LaunchScreen.storyboard; sourceTree = "<group>"; };
		27B6BDA62B69183500D2F899 /* Info.plist */ = {isa = PBXFileReference; lastKnownFileType = text.plist.xml; path = Info.plist; sourceTree = "<group>"; };
		27B6BDAC2B69198900D2F899 /* JsonDataHelper.swift */ = {isa = PBXFileReference; lastKnownFileType = sourcecode.swift; path = JsonDataHelper.swift; sourceTree = "<group>"; };
/* End PBXFileReference section */

/* Begin PBXFrameworksBuildPhase section */
		27B6BD8F2B69183000D2F899 /* Frameworks */ = {
			isa = PBXFrameworksBuildPhase;
			buildActionMask = 2147483647;
			files = (
			);
			runOnlyForDeploymentPostprocessing = 0;
		};
/* End PBXFrameworksBuildPhase section */

/* Begin PBXGroup section */
		27B6BD892B69183000D2F899 = {
			isa = PBXGroup;
			children = (
				27B6BD942B69183000D2F899 /* Access Data Using Json File On Web Server Array - 4 */,
				27B6BD932B69183000D2F899 /* Products */,
			);
			sourceTree = "<group>";
		};
		27B6BD932B69183000D2F899 /* Products */ = {
			isa = PBXGroup;
			children = (
				27B6BD922B69183000D2F899 /* Access Data Using Json File On Web Server Array - 4.app */,
			);
			name = Products;
			sourceTree = "<group>";
		};
		27B6BD942B69183000D2F899 /* Access Data Using Json File On Web Server Array - 4 */ = {
			isa = PBXGroup;
			children = (
				27B6BD952B69183000D2F899 /* AppDelegate.swift */,
				27B6BD972B69183000D2F899 /* SceneDelegate.swift */,
				27B6BD992B69183000D2F899 /* ViewController.swift */,
				27B6BDAC2B69198900D2F899 /* JsonDataHelper.swift */,
				27B6BD9B2B69183000D2F899 /* Main.storyboard */,
				27B6BDA12B69183500D2F899 /* Assets.xcassets */,
				27B6BDA32B69183500D2F899 /* LaunchScreen.storyboard */,
				27B6BDA62B69183500D2F899 /* Info.plist */,
				27B6BD9E2B69183000D2F899 /* Access_Data_Using_Json_File_On_Web_Server_Array___4.xcdatamodeld */,
			);
			path = "Access Data Using Json File On Web Server Array - 4";
			sourceTree = "<group>";
		};
/* End PBXGroup section */

/* Begin PBXNativeTarget section */
		27B6BD912B69183000D2F899 /* Access Data Using Json File On Web Server Array - 4 */ = {
			isa = PBXNativeTarget;
			buildConfigurationList = 27B6BDA92B69183500D2F899 /* Build configuration list for PBXNativeTarget "Access Data Using Json File On Web Server Array - 4" */;
			buildPhases = (
				27B6BD8E2B69183000D2F899 /* Sources */,
				27B6BD8F2B69183000D2F899 /* Frameworks */,
				27B6BD902B69183000D2F899 /* Resources */,
			);
			buildRules = (
			);
			dependencies = (
			);
			name = "Access Data Using Json File On Web Server Array - 4";
			productName = "Access Data Using Json File On Web Server Array - 4";
			productReference = 27B6BD922B69183000D2F899 /* Access Data Using Json File On Web Server Array - 4.app */;
			productType = "com.apple.product-type.application";
		};
/* End PBXNativeTarget section */

/* Begin PBXProject section */
		27B6BD8A2B69183000D2F899 /* Project object */ = {
			isa = PBXProject;
			attributes = {
				BuildIndependentTargetsInParallel = 1;
				LastSwiftUpdateCheck = 1510;
				LastUpgradeCheck = 1510;
				TargetAttributes = {
					27B6BD912B69183000D2F899 = {
						CreatedOnToolsVersion = 15.1;
					};
				};
			};
			buildConfigurationList = 27B6BD8D2B69183000D2F899 /* Build configuration list for PBXProject "Access Data Using Json File On Web Server Array - 4" */;
			compatibilityVersion = "Xcode 14.0";
			developmentRegion = en;
			hasScannedForEncodings = 0;
			knownRegions = (
				en,
				Base,
			);
			mainGroup = 27B6BD892B69183000D2F899;
			productRefGroup = 27B6BD932B69183000D2F899 /* Products */;
			projectDirPath = "";
			projectRoot = "";
			targets = (
				27B6BD912B69183000D2F899 /* Access Data Using Json File On Web Server Array - 4 */,
			);
		};
/* End PBXProject section */

/* Begin PBXResourcesBuildPhase section */
		27B6BD902B69183000D2F899 /* Resources */ = {
			isa = PBXResourcesBuildPhase;
			buildActionMask = 2147483647;
			files = (
				27B6BDA52B69183500D2F899 /* LaunchScreen.storyboard in Resources */,
				27B6BDA22B69183500D2F899 /* Assets.xcassets in Resources */,
				27B6BD9D2B69183000D2F899 /* Main.storyboard in Resources */,
			);
			runOnlyForDeploymentPostprocessing = 0;
		};
/* End PBXResourcesBuildPhase section */

/* Begin PBXSourcesBuildPhase section */
		27B6BD8E2B69183000D2F899 /* Sources */ = {
			isa = PBXSourcesBuildPhase;
			buildActionMask = 2147483647;
			files = (
				27B6BDAD2B69198900D2F899 /* JsonDataHelper.swift in Sources */,
				27B6BDA02B69183000D2F899 /* Access_Data_Using_Json_File_On_Web_Server_Array___4.xcdatamodeld in Sources */,
				27B6BD9A2B69183000D2F899 /* ViewController.swift in Sources */,
				27B6BD962B69183000D2F899 /* AppDelegate.swift in Sources */,
				27B6BD982B69183000D2F899 /* SceneDelegate.swift in Sources */,
			);
			runOnlyForDeploymentPostprocessing = 0;
		};
/* End PBXSourcesBuildPhase section */

/* Begin PBXVariantGroup section */
		27B6BD9B2B69183000D2F899 /* Main.storyboard */ = {
			isa = PBXVariantGroup;
			children = (
				27B6BD9C2B69183000D2F899 /* Base */,
			);
			name = Main.storyboard;
			sourceTree = "<group>";
		};
		27B6BDA32B69183500D2F899 /* LaunchScreen.storyboard */ = {
			isa = PBXVariantGroup;
			children = (
				27B6BDA42B69183500D2F899 /* Base */,
			);
			name = LaunchScreen.storyboard;
			sourceTree = "<group>";
		};
/* End PBXVariantGroup section */

/* Begin XCBuildConfiguration section */
		27B6BDA72B69183500D2F899 /* Debug */ = {
			isa = XCBuildConfiguration;
			buildSettings = {
				ALWAYS_SEARCH_USER_PATHS = NO;
				ASSETCATALOG_COMPILER_GENERATE_SWIFT_ASSET_SYMBOL_EXTENSIONS = YES;
				CLANG_ANALYZER_NONNULL = YES;
				CLANG_ANALYZER_NUMBER_OBJECT_CONVERSION = YES_AGGRESSIVE;
				CLANG_CXX_LANGUAGE_STANDARD = "gnu++20";
				CLANG_ENABLE_MODULES = YES;
				CLANG_ENABLE_OBJC_ARC = YES;
				CLANG_ENABLE_OBJC_WEAK = YES;
				CLANG_WARN_BLOCK_CAPTURE_AUTORELEASING = YES;
				CLANG_WARN_BOOL_CONVERSION = YES;
				CLANG_WARN_COMMA = YES;
				CLANG_WARN_CONSTANT_CONVERSION = YES;
				CLANG_WARN_DEPRECATED_OBJC_IMPLEMENTATIONS = YES;
				CLANG_WARN_DIRECT_OBJC_ISA_USAGE = YES_ERROR;
				CLANG_WARN_DOCUMENTATION_COMMENTS = YES;
				CLANG_WARN_EMPTY_BODY = YES;
				CLANG_WARN_ENUM_CONVERSION = YES;
				CLANG_WARN_INFINITE_RECURSION = YES;
				CLANG_WARN_INT_CONVERSION = YES;
				CLANG_WARN_NON_LITERAL_NULL_CONVERSION = YES;
				CLANG_WARN_OBJC_IMPLICIT_RETAIN_SELF = YES;
				CLANG_WARN_OBJC_LITERAL_CONVERSION = YES;
				CLANG_WARN_OBJC_ROOT_CLASS = YES_ERROR;
				CLANG_WARN_QUOTED_INCLUDE_IN_FRAMEWORK_HEADER = YES;
				CLANG_WARN_RANGE_LOOP_ANALYSIS = YES;
				CLANG_WARN_STRICT_PROTOTYPES = YES;
				CLANG_WARN_SUSPICIOUS_MOVE = YES;
				CLANG_WARN_UNGUARDED_AVAILABILITY = YES_AGGRESSIVE;
				CLANG_WARN_UNREACHABLE_CODE = YES;
				CLANG_WARN__DUPLICATE_METHOD_MATCH = YES;
				COPY_PHASE_STRIP = NO;
				DEBUG_INFORMATION_FORMAT = dwarf;
				ENABLE_STRICT_OBJC_MSGSEND = YES;
				ENABLE_TESTABILITY = YES;
				ENABLE_USER_SCRIPT_SANDBOXING = YES;
				GCC_C_LANGUAGE_STANDARD = gnu17;
				GCC_DYNAMIC_NO_PIC = NO;
				GCC_NO_COMMON_BLOCKS = YES;
				GCC_OPTIMIZATION_LEVEL = 0;
				GCC_PREPROCESSOR_DEFINITIONS = (
					"DEBUG=1",
					"$(inherited)",
				);
				GCC_WARN_64_TO_32_BIT_CONVERSION = YES;
				GCC_WARN_ABOUT_RETURN_TYPE = YES_ERROR;
				GCC_WARN_UNDECLARED_SELECTOR = YES;
				GCC_WARN_UNINITIALIZED_AUTOS = YES_AGGRESSIVE;
				GCC_WARN_UNUSED_FUNCTION = YES;
				GCC_WARN_UNUSED_VARIABLE = YES;
				IPHONEOS_DEPLOYMENT_TARGET = 17.2;
				LOCALIZATION_PREFERS_STRING_CATALOGS = YES;
				MTL_ENABLE_DEBUG_INFO = INCLUDE_SOURCE;
				MTL_FAST_MATH = YES;
				ONLY_ACTIVE_ARCH = YES;
				SDKROOT = iphoneos;
				SWIFT_ACTIVE_COMPILATION_CONDITIONS = "DEBUG $(inherited)";
				SWIFT_OPTIMIZATION_LEVEL = "-Onone";
			};
			name = Debug;
		};
		27B6BDA82B69183500D2F899 /* Release */ = {
			isa = XCBuildConfiguration;
			buildSettings = {
				ALWAYS_SEARCH_USER_PATHS = NO;
				ASSETCATALOG_COMPILER_GENERATE_SWIFT_ASSET_SYMBOL_EXTENSIONS = YES;
				CLANG_ANALYZER_NONNULL = YES;
				CLANG_ANALYZER_NUMBER_OBJECT_CONVERSION = YES_AGGRESSIVE;
				CLANG_CXX_LANGUAGE_STANDARD = "gnu++20";
				CLANG_ENABLE_MODULES = YES;
				CLANG_ENABLE_OBJC_ARC = YES;
				CLANG_ENABLE_OBJC_WEAK = YES;
				CLANG_WARN_BLOCK_CAPTURE_AUTORELEASING = YES;
				CLANG_WARN_BOOL_CONVERSION = YES;
				CLANG_WARN_COMMA = YES;
				CLANG_WARN_CONSTANT_CONVERSION = YES;
				CLANG_WARN_DEPRECATED_OBJC_IMPLEMENTATIONS = YES;
				CLANG_WARN_DIRECT_OBJC_ISA_USAGE = YES_ERROR;
				CLANG_WARN_DOCUMENTATION_COMMENTS = YES;
				CLANG_WARN_EMPTY_BODY = YES;
				CLANG_WARN_ENUM_CONVERSION = YES;
				CLANG_WARN_INFINITE_RECURSION = YES;
				CLANG_WARN_INT_CONVERSION = YES;
				CLANG_WARN_NON_LITERAL_NULL_CONVERSION = YES;
				CLANG_WARN_OBJC_IMPLICIT_RETAIN_SELF = YES;
				CLANG_WARN_OBJC_LITERAL_CONVERSION = YES;
				CLANG_WARN_OBJC_ROOT_CLASS = YES_ERROR;
				CLANG_WARN_QUOTED_INCLUDE_IN_FRAMEWORK_HEADER = YES;
				CLANG_WARN_RANGE_LOOP_ANALYSIS = YES;
				CLANG_WARN_STRICT_PROTOTYPES = YES;
				CLANG_WARN_SUSPICIOUS_MOVE = YES;
				CLANG_WARN_UNGUARDED_AVAILABILITY = YES_AGGRESSIVE;
				CLANG_WARN_UNREACHABLE_CODE = YES;
				CLANG_WARN__DUPLICATE_METHOD_MATCH = YES;
				COPY_PHASE_STRIP = NO;
				DEBUG_INFORMATION_FORMAT = "dwarf-with-dsym";
				ENABLE_NS_ASSERTIONS = NO;
				ENABLE_STRICT_OBJC_MSGSEND = YES;
				ENABLE_USER_SCRIPT_SANDBOXING = YES;
				GCC_C_LANGUAGE_STANDARD = gnu17;
				GCC_NO_COMMON_BLOCKS = YES;
				GCC_WARN_64_TO_32_BIT_CONVERSION = YES;
				GCC_WARN_ABOUT_RETURN_TYPE = YES_ERROR;
				GCC_WARN_UNDECLARED_SELECTOR = YES;
				GCC_WARN_UNINITIALIZED_AUTOS = YES_AGGRESSIVE;
				GCC_WARN_UNUSED_FUNCTION = YES;
				GCC_WARN_UNUSED_VARIABLE = YES;
				IPHONEOS_DEPLOYMENT_TARGET = 17.2;
				LOCALIZATION_PREFERS_STRING_CATALOGS = YES;
				MTL_ENABLE_DEBUG_INFO = NO;
				MTL_FAST_MATH = YES;
				SDKROOT = iphoneos;
				SWIFT_COMPILATION_MODE = wholemodule;
				VALIDATE_PRODUCT = YES;
			};
			name = Release;
		};
		27B6BDAA2B69183500D2F899 /* Debug */ = {
			isa = XCBuildConfiguration;
			buildSettings = {
				ASSETCATALOG_COMPILER_APPICON_NAME = AppIcon;
				ASSETCATALOG_COMPILER_GLOBAL_ACCENT_COLOR_NAME = AccentColor;
				CODE_SIGN_STYLE = Automatic;
				CURRENT_PROJECT_VERSION = 1;
				GENERATE_INFOPLIST_FILE = YES;
				INFOPLIST_FILE = "Access Data Using Json File On Web Server Array - 4/Info.plist";
				INFOPLIST_KEY_UIApplicationSupportsIndirectInputEvents = YES;
				INFOPLIST_KEY_UILaunchStoryboardName = LaunchScreen;
				INFOPLIST_KEY_UIMainStoryboardFile = Main;
				INFOPLIST_KEY_UISupportedInterfaceOrientations_iPad = "UIInterfaceOrientationPortrait UIInterfaceOrientationPortraitUpsideDown UIInterfaceOrientationLandscapeLeft UIInterfaceOrientationLandscapeRight";
				INFOPLIST_KEY_UISupportedInterfaceOrientations_iPhone = "UIInterfaceOrientationPortrait UIInterfaceOrientationLandscapeLeft UIInterfaceOrientationLandscapeRight";
				LD_RUNPATH_SEARCH_PATHS = (
					"$(inherited)",
					"@executable_path/Frameworks",
				);
				MARKETING_VERSION = 1.0;
				PRODUCT_BUNDLE_IDENTIFIER = "com.SocketIODemo.Access-Data-Using-Json-File-On-Web-Server-Array---4";
				PRODUCT_NAME = "$(TARGET_NAME)";
				SWIFT_EMIT_LOC_STRINGS = YES;
				SWIFT_VERSION = 5.0;
				TARGETED_DEVICE_FAMILY = "1,2";
			};
			name = Debug;
		};
		27B6BDAB2B69183500D2F899 /* Release */ = {
			isa = XCBuildConfiguration;
			buildSettings = {
				ASSETCATALOG_COMPILER_APPICON_NAME = AppIcon;
				ASSETCATALOG_COMPILER_GLOBAL_ACCENT_COLOR_NAME = AccentColor;
				CODE_SIGN_STYLE = Automatic;
				CURRENT_PROJECT_VERSION = 1;
				GENERATE_INFOPLIST_FILE = YES;
				INFOPLIST_FILE = "Access Data Using Json File On Web Server Array - 4/Info.plist";
				INFOPLIST_KEY_UIApplicationSupportsIndirectInputEvents = YES;
				INFOPLIST_KEY_UILaunchStoryboardName = LaunchScreen;
				INFOPLIST_KEY_UIMainStoryboardFile = Main;
				INFOPLIST_KEY_UISupportedInterfaceOrientations_iPad = "UIInterfaceOrientationPortrait UIInterfaceOrientationPortraitUpsideDown UIInterfaceOrientationLandscapeLeft UIInterfaceOrientationLandscapeRight";
				INFOPLIST_KEY_UISupportedInterfaceOrientations_iPhone = "UIInterfaceOrientationPortrait UIInterfaceOrientationLandscapeLeft UIInterfaceOrientationLandscapeRight";
				LD_RUNPATH_SEARCH_PATHS = (
					"$(inherited)",
					"@executable_path/Frameworks",
				);
				MARKETING_VERSION = 1.0;
				PRODUCT_BUNDLE_IDENTIFIER = "com.SocketIODemo.Access-Data-Using-Json-File-On-Web-Server-Array---4";
				PRODUCT_NAME = "$(TARGET_NAME)";
				SWIFT_EMIT_LOC_STRINGS = YES;
				SWIFT_VERSION = 5.0;
				TARGETED_DEVICE_FAMILY = "1,2";
			};
			name = Release;
		};
/* End XCBuildConfiguration section */

/* Begin XCConfigurationList section */
		27B6BD8D2B69183000D2F899 /* Build configuration list for PBXProject "Access Data Using Json File On Web Server Array - 4" */ = {
			isa = XCConfigurationList;
			buildConfigurations = (
				27B6BDA72B69183500D2F899 /* Debug */,
				27B6BDA82B69183500D2F899 /* Release */,
			);
			defaultConfigurationIsVisible = 0;
			defaultConfigurationName = Release;
		};
		27B6BDA92B69183500D2F899 /* Build configuration list for PBXNativeTarget "Access Data Using Json File On Web Server Array - 4" */ = {
			isa = XCConfigurationList;
			buildConfigurations = (
				27B6BDAA2B69183500D2F899 /* Debug */,
				27B6BDAB2B69183500D2F899 /* Release */,
			);
			defaultConfigurationIsVisible = 0;
			defaultConfigurationName = Release;
		};
/* End XCConfigurationList section */

/* Begin XCVersionGroup section */
		27B6BD9E2B69183000D2F899 /* Access_Data_Using_Json_File_On_Web_Server_Array___4.xcdatamodeld */ = {
			isa = XCVersionGroup;
			children = (
				27B6BD9F2B69183000D2F899 /* Access_Data_Using_Json_File_On_Web_Server_Array___4.xcdatamodel */,
			);
			currentVersion = 27B6BD9F2B69183000D2F899 /* Access_Data_Using_Json_File_On_Web_Server_Array___4.xcdatamodel */;
			path = "Access_Data_Using_Json_File_On_Web_Server_Array___4.xcdatamodeld";
			sourceTree = "<group>";
			versionGroupType = wrapper.xcdatamodel;
		};
/* End XCVersionGroup section */
	};
	rootObject = 27B6BD8A2B69183000D2F899 /* Project object */;
}
